
Microsoft Visual Studio Solution File, Format Version 12.00
Project("{FAE04EC0-301F-11D3-BF4B-00C04F79EFBC}") = "AstroApplication", "AstroApplication\AstroApplication.csproj", "{0C8838A1-F0B8-48E7-AEBE-8913D44D2B05}"
EndProject
Project("{FAE04EC0-301F-11D3-BF4B-00C04F79EFBC}") = "AstroFramework", "AstroFramework\AstroFramework.csproj", "{B3682829-1612-426E-B353-08CE6F318EC1}"
EndProject
Global
	GlobalSection(SolutionConfigurationPlatforms) = preSolution
		Debug|Any CPU = Debug|Any CPU
		Release|Any CPU = Release|Any CPU
	EndGlobalSection
	GlobalSection(ProjectConfigurationPlatforms) = postSolution
		{0C8838A1-F0B8-48E7-AEBE-8913D44D2B05}.Debug|Any CPU.ActiveCfg = Debug|Any CPU
		{0C8838A1-F0B8-48E7-AEBE-8913D44D2B05}.Debug|Any CPU.Build.0 = Debug|Any CPU
		{0C8838A1-F0B8-48E7-AEBE-8913D44D2B05}.Release|Any CPU.ActiveCfg = Release|Any CPU
		{0C8838A1-F0B8-48E7-AEBE-8913D44D2B05}.Release|Any CPU.Build.0 = Release|Any CPU
		{B3682829-1612-426E-B353-08CE6F318EC1}.Debug|Any CPU.ActiveCfg = Debug|Any CPU
		{B3682829-1612-426E-B353-08CE6F318EC1}.Debug|Any CPU.Build.0 = Debug|Any CPU
		{B3682829-1612-426E-B353-08CE6F318EC1}.Release|Any CPU.ActiveCfg = Release|Any CPU
		{B3682829-1612-426E-B353-08CE6F318EC1}.Release|Any CPU.Build.0 = Release|Any CPU
	EndGlobalSection
EndGlobal
